
Microsoft Visual Studio Solution File, Format Version 12.00
# Visual Studio Version 17
VisualStudioVersion = 17.9.34728.123
MinimumVisualStudioVersion = 10.0.40219.1
Project("{2150E333-8FDC-42A3-9474-1A3956D46DE8}") = "Services", "Services", "{3FDD9A42-1455-42D0-8665-EB837E1F0E25}"
EndProject
Project("{2150E333-8FDC-42A3-9474-1A3956D46DE8}") = "Catalog", "Catalog", "{0437A0A9-761B-43E6-8C8A-C0106FF497D9}"
EndProject
Project("{9A19103F-16F7-4668-BE54-9A1E7A4F7556}") = "Catalog.API", "Services\Catalog\Catalog.API\Catalog.API.csproj", "{275E65A7-1B11-4C68-8AD6-1545D55FCCA8}"
EndProject
Project("{E53339B2-1760-4266-BCC7-CA923CBCF16C}") = "docker-compose", "docker-compose.dcproj", "{D9BC2532-37C4-4DDC-B7D4-79F4779BF73F}"
EndProject
Project("{2150E333-8FDC-42A3-9474-1A3956D46DE8}") = "Basket", "Basket", "{5EBC571A-A892-4612-9D78-33CB86EF08FB}"
EndProject
Project("{9A19103F-16F7-4668-BE54-9A1E7A4F7556}") = "Basket.API", "Services\Bakset\Basket.API\Basket.API.csproj", "{9A18CCFE-C4D0-4F14-95F6-0E41BE3CB5AB}"
EndProject
Project("{2150E333-8FDC-42A3-9474-1A3956D46DE8}") = "Discount", "Discount", "{FE368AC4-A5F7-49C3-ACE4-3562C43997A7}"
EndProject
Global
	GlobalSection(SolutionConfigurationPlatforms) = preSolution
		Debug|Any CPU = Debug|Any CPU
		Release|Any CPU = Release|Any CPU
	EndGlobalSection
	GlobalSection(ProjectConfigurationPlatforms) = postSolution
		{275E65A7-1B11-4C68-8AD6-1545D55FCCA8}.Debug|Any CPU.ActiveCfg = Debug|Any CPU
		{275E65A7-1B11-4C68-8AD6-1545D55FCCA8}.Debug|Any CPU.Build.0 = Debug|Any CPU
		{275E65A7-1B11-4C68-8AD6-1545D55FCCA8}.Release|Any CPU.ActiveCfg = Release|Any CPU
		{275E65A7-1B11-4C68-8AD6-1545D55FCCA8}.Release|Any CPU.Build.0 = Release|Any CPU
		{D9BC2532-37C4-4DDC-B7D4-79F4779BF73F}.Debug|Any CPU.ActiveCfg = Debug|Any CPU
		{D9BC2532-37C4-4DDC-B7D4-79F4779BF73F}.Debug|Any CPU.Build.0 = Debug|Any CPU
		{D9BC2532-37C4-4DDC-B7D4-79F4779BF73F}.Release|Any CPU.ActiveCfg = Release|Any CPU
		{D9BC2532-37C4-4DDC-B7D4-79F4779BF73F}.Release|Any CPU.Build.0 = Release|Any CPU
		{9A18CCFE-C4D0-4F14-95F6-0E41BE3CB5AB}.Debug|Any CPU.ActiveCfg = Debug|Any CPU
		{9A18CCFE-C4D0-4F14-95F6-0E41BE3CB5AB}.Debug|Any CPU.Build.0 = Debug|Any CPU
		{9A18CCFE-C4D0-4F14-95F6-0E41BE3CB5AB}.Release|Any CPU.ActiveCfg = Release|Any CPU
		{9A18CCFE-C4D0-4F14-95F6-0E41BE3CB5AB}.Release|Any CPU.Build.0 = Release|Any CPU
	EndGlobalSection
	GlobalSection(SolutionProperties) = preSolution
		HideSolutionNode = FALSE
	EndGlobalSection
	GlobalSection(NestedProjects) = preSolution
		{0437A0A9-761B-43E6-8C8A-C0106FF497D9} = {3FDD9A42-1455-42D0-8665-EB837E1F0E25}
		{275E65A7-1B11-4C68-8AD6-1545D55FCCA8} = {0437A0A9-761B-43E6-8C8A-C0106FF497D9}
		{5EBC571A-A892-4612-9D78-33CB86EF08FB} = {3FDD9A42-1455-42D0-8665-EB837E1F0E25}
		{9A18CCFE-C4D0-4F14-95F6-0E41BE3CB5AB} = {5EBC571A-A892-4612-9D78-33CB86EF08FB}
		{FE368AC4-A5F7-49C3-ACE4-3562C43997A7} = {3FDD9A42-1455-42D0-8665-EB837E1F0E25}
	EndGlobalSection
	GlobalSection(ExtensibilityGlobals) = postSolution
		SolutionGuid = {3A160C13-0000-420D-AB86-14AD32215747}
	EndGlobalSection
EndGlobal
